
Microsoft Visual Studio Solution File, Format Version 12.00
# Visual Studio 14
VisualStudioVersion = 14.0.25420.1
MinimumVisualStudioVersion = 10.0.40219.1
Project("{8BC9CEB8-8B4A-11D0-8D11-00A0C91BC942}") = "10-b3", "10-b3\10-b3.vcxproj", "{978B85C6-2B01-4C62-BA83-F144BA04D1C2}"
EndProject
Project("{8BC9CEB8-8B4A-11D0-8D11-00A0C91BC942}") = "11-10", "11-10\11-10.vcxproj", "{A4DB4D36-5B66-469C-A6F0-29B81D6C769C}"
EndProject
Project("{8BC9CEB8-8B4A-11D0-8D11-00A0C91BC942}") = "11-1", "11-1\11-1.vcxproj", "{27ED5082-21C9-43F4-B8FE-31493DC3F507}"
EndProject
Project("{8BC9CEB8-8B4A-11D0-8D11-00A0C91BC942}") = "11-2", "11-2\11-2.vcxproj", "{26A3B67B-A315-4539-AA35-C9583690822D}"
EndProject
Project("{8BC9CEB8-8B4A-11D0-8D11-00A0C91BC942}") = "11-3", "11-3\11-3.vcxproj", "{F708E775-EAF9-4F5A-96FF-173A467A4E35}"
EndProject
Project("{8BC9CEB8-8B4A-11D0-8D11-00A0C91BC942}") = "11-4", "11-4\11-4.vcxproj", "{F9CD365C-1FA1-463E-A0D6-32AD0B6FDC07}"
EndProject
Project("{8BC9CEB8-8B4A-11D0-8D11-00A0C91BC942}") = "11-9", "11-9\11-9.vcxproj", "{80E6BE8E-B019-456A-BBB5-5F1F0FA9E013}"
EndProject
Project("{8BC9CEB8-8B4A-11D0-8D11-00A0C91BC942}") = "11-b1", "11-b1\11-b1.vcxproj", "{C9292C80-BD90-446B-913F-A221615F642F}"
EndProject
Global
	GlobalSection(SolutionConfigurationPlatforms) = preSolution
		Debug|x64 = Debug|x64
		Debug|x86 = Debug|x86
		Release|x64 = Release|x64
		Release|x86 = Release|x86
	EndGlobalSection
	GlobalSection(ProjectConfigurationPlatforms) = postSolution
		{978B85C6-2B01-4C62-BA83-F144BA04D1C2}.Debug|x64.ActiveCfg = Debug|x64
		{978B85C6-2B01-4C62-BA83-F144BA04D1C2}.Debug|x64.Build.0 = Debug|x64
		{978B85C6-2B01-4C62-BA83-F144BA04D1C2}.Debug|x86.ActiveCfg = Debug|Win32
		{978B85C6-2B01-4C62-BA83-F144BA04D1C2}.Debug|x86.Build.0 = Debug|Win32
		{978B85C6-2B01-4C62-BA83-F144BA04D1C2}.Release|x64.ActiveCfg = Release|x64
		{978B85C6-2B01-4C62-BA83-F144BA04D1C2}.Release|x64.Build.0 = Release|x64
		{978B85C6-2B01-4C62-BA83-F144BA04D1C2}.Release|x86.ActiveCfg = Release|Win32
		{978B85C6-2B01-4C62-BA83-F144BA04D1C2}.Release|x86.Build.0 = Release|Win32
		{A4DB4D36-5B66-469C-A6F0-29B81D6C769C}.Debug|x64.ActiveCfg = Debug|x64
		{A4DB4D36-5B66-469C-A6F0-29B81D6C769C}.Debug|x64.Build.0 = Debug|x64
		{A4DB4D36-5B66-469C-A6F0-29B81D6C769C}.Debug|x86.ActiveCfg = Debug|Win32
		{A4DB4D36-5B66-469C-A6F0-29B81D6C769C}.Debug|x86.Build.0 = Debug|Win32
		{A4DB4D36-5B66-469C-A6F0-29B81D6C769C}.Release|x64.ActiveCfg = Release|x64
		{A4DB4D36-5B66-469C-A6F0-29B81D6C769C}.Release|x64.Build.0 = Release|x64
		{A4DB4D36-5B66-469C-A6F0-29B81D6C769C}.Release|x86.ActiveCfg = Release|Win32
		{A4DB4D36-5B66-469C-A6F0-29B81D6C769C}.Release|x86.Build.0 = Release|Win32
		{27ED5082-21C9-43F4-B8FE-31493DC3F507}.Debug|x64.ActiveCfg = Debug|x64
		{27ED5082-21C9-43F4-B8FE-31493DC3F507}.Debug|x64.Build.0 = Debug|x64
		{27ED5082-21C9-43F4-B8FE-31493DC3F507}.Debug|x86.ActiveCfg = Debug|Win32
		{27ED5082-21C9-43F4-B8FE-31493DC3F507}.Debug|x86.Build.0 = Debug|Win32
		{27ED5082-21C9-43F4-B8FE-31493DC3F507}.Release|x64.ActiveCfg = Release|x64
		{27ED5082-21C9-43F4-B8FE-31493DC3F507}.Release|x64.Build.0 = Release|x64
		{27ED5082-21C9-43F4-B8FE-31493DC3F507}.Release|x86.ActiveCfg = Release|Win32
		{27ED5082-21C9-43F4-B8FE-31493DC3F507}.Release|x86.Build.0 = Release|Win32
		{26A3B67B-A315-4539-AA35-C9583690822D}.Debug|x64.ActiveCfg = Debug|x64
		{26A3B67B-A315-4539-AA35-C9583690822D}.Debug|x64.Build.0 = Debug|x64
		{26A3B67B-A315-4539-AA35-C9583690822D}.Debug|x86.ActiveCfg = Debug|Win32
		{26A3B67B-A315-4539-AA35-C9583690822D}.Debug|x86.Build.0 = Debug|Win32
		{26A3B67B-A315-4539-AA35-C9583690822D}.Release|x64.ActiveCfg = Release|x64
		{26A3B67B-A315-4539-AA35-C9583690822D}.Release|x64.Build.0 = Release|x64
		{26A3B67B-A315-4539-AA35-C9583690822D}.Release|x86.ActiveCfg = Release|Win32
		{26A3B67B-A315-4539-AA35-C9583690822D}.Release|x86.Build.0 = Release|Win32
		{F708E775-EAF9-4F5A-96FF-173A467A4E35}.Debug|x64.ActiveCfg = Debug|x64
		{F708E775-EAF9-4F5A-96FF-173A467A4E35}.Debug|x64.Build.0 = Debug|x64
		{F708E775-EAF9-4F5A-96FF-173A467A4E35}.Debug|x86.ActiveCfg = Debug|Win32
		{F708E775-EAF9-4F5A-96FF-173A467A4E35}.Debug|x86.Build.0 = Debug|Win32
		{F708E775-EAF9-4F5A-96FF-173A467A4E35}.Release|x64.ActiveCfg = Release|x64
		{F708E775-EAF9-4F5A-96FF-173A467A4E35}.Release|x64.Build.0 = Release|x64
		{F708E775-EAF9-4F5A-96FF-173A467A4E35}.Release|x86.ActiveCfg = Release|Win32
		{F708E775-EAF9-4F5A-96FF-173A467A4E35}.Release|x86.Build.0 = Release|Win32
		{F9CD365C-1FA1-463E-A0D6-32AD0B6FDC07}.Debug|x64.ActiveCfg = Debug|x64
		{F9CD365C-1FA1-463E-A0D6-32AD0B6FDC07}.Debug|x64.Build.0 = Debug|x64
		{F9CD365C-1FA1-463E-A0D6-32AD0B6FDC07}.Debug|x86.ActiveCfg = Debug|Win32
		{F9CD365C-1FA1-463E-A0D6-32AD0B6FDC07}.Debug|x86.Build.0 = Debug|Win32
		{F9CD365C-1FA1-463E-A0D6-32AD0B6FDC07}.Release|x64.ActiveCfg = Release|x64
		{F9CD365C-1FA1-463E-A0D6-32AD0B6FDC07}.Release|x64.Build.0 = Release|x64
		{F9CD365C-1FA1-463E-A0D6-32AD0B6FDC07}.Release|x86.ActiveCfg = Release|Win32
		{F9CD365C-1FA1-463E-A0D6-32AD0B6FDC07}.Release|x86.Build.0 = Release|Win32
		{80E6BE8E-B019-456A-BBB5-5F1F0FA9E013}.Debug|x64.ActiveCfg = Debug|x64
		{80E6BE8E-B019-456A-BBB5-5F1F0FA9E013}.Debug|x64.Build.0 = Debug|x64
		{80E6BE8E-B019-456A-BBB5-5F1F0FA9E013}.Debug|x86.ActiveCfg = Debug|Win32
		{80E6BE8E-B019-456A-BBB5-5F1F0FA9E013}.Debug|x86.Build.0 = Debug|Win32
		{80E6BE8E-B019-456A-BBB5-5F1F0FA9E013}.Release|x64.ActiveCfg = Release|x64
		{80E6BE8E-B019-456A-BBB5-5F1F0FA9E013}.Release|x64.Build.0 = Release|x64
		{80E6BE8E-B019-456A-BBB5-5F1F0FA9E013}.Release|x86.ActiveCfg = Release|Win32
		{80E6BE8E-B019-456A-BBB5-5F1F0FA9E013}.Release|x86.Build.0 = Release|Win32
		{C9292C80-BD90-446B-913F-A221615F642F}.Debug|x64.ActiveCfg = Debug|x64
		{C9292C80-BD90-446B-913F-A221615F642F}.Debug|x64.Build.0 = Debug|x64
		{C9292C80-BD90-446B-913F-A221615F642F}.Debug|x86.ActiveCfg = Debug|Win32
		{C9292C80-BD90-446B-913F-A221615F642F}.Debug|x86.Build.0 = Debug|Win32
		{C9292C80-BD90-446B-913F-A221615F642F}.Release|x64.ActiveCfg = Release|x64
		{C9292C80-BD90-446B-913F-A221615F642F}.Release|x64.Build.0 = Release|x64
		{C9292C80-BD90-446B-913F-A221615F642F}.Release|x86.ActiveCfg = Release|Win32
		{C9292C80-BD90-446B-913F-A221615F642F}.Release|x86.Build.0 = Release|Win32
	EndGlobalSection
	GlobalSection(SolutionProperties) = preSolution
		HideSolutionNode = FALSE
	EndGlobalSection
EndGlobal
